--- 
nerdtree: 
  :git: git://github.com/scrooloose/nerdtree.git
  :type: :git
  :opts: 
    :vimrc_file: vimrc
    :vim_bin_path: /usr/local/bin/mvim
    :bundles_dir: bundle
    :use_git_submodules: true
    :git_bin: git
nerdcommenter: 
  :git: git://github.com/scrooloose/nerdcommenter
  :type: :git
  :opts: 
    :vimrc_file: vimrc
    :vim_bin_path: /usr/local/bin/mvim
    :bundles_dir: bundle
    :use_git_submodules: true
    :git_bin: git
textile: 
  :git: git://github.com/timcharper/textile.vim.git
  :type: :git
  :opts: 
    :vimrc_file: vimrc
    :vim_bin_path: /usr/local/bin/mvim
    :bundles_dir: bundle
    :use_git_submodules: true
    :git_bin: git
cucumber: 
  :git: git://github.com/tpope/vim-cucumber.git
  :type: :git
  :opts: 
    :vimrc_file: vimrc
    :vim_bin_path: /usr/local/bin/mvim
    :bundles_dir: bundle
    :use_git_submodules: true
    :git_bin: git
fugitive: 
  :git: git://github.com/tpope/vim-fugitive.git
  :type: :git
  :opts: 
    :vimrc_file: vimrc
    :vim_bin_path: /usr/local/bin/mvim
    :bundles_dir: bundle
    :use_git_submodules: true
    :git_bin: git
git: 
  :git: git://github.com/tpope/vim-git.git
  :type: :git
  :opts: 
    :vimrc_file: vimrc
    :vim_bin_path: /usr/local/bin/mvim
    :bundles_dir: bundle
    :use_git_submodules: true
    :git_bin: git
haml: 
  :git: git://github.com/tpope/vim-haml.git
  :type: :git
  :opts: 
    :vimrc_file: vimrc
    :vim_bin_path: /usr/local/bin/mvim
    :bundles_dir: bundle
    :use_git_submodules: true
    :git_bin: git
markdown: 
  :git: git://github.com/tpope/vim-markdown.git
  :type: :git
  :opts: 
    :vimrc_file: vimrc
    :vim_bin_path: /usr/local/bin/mvim
    :bundles_dir: bundle
    :use_git_submodules: true
    :git_bin: git
rails: 
  :git: git://github.com/tpope/vim-rails.git
  :type: :git
  :opts: 
    :vimrc_file: vimrc
    :vim_bin_path: /usr/local/bin/mvim
    :bundles_dir: bundle
    :use_git_submodules: true
    :git_bin: git
repeat: 
  :git: git://github.com/tpope/vim-repeat.git
  :type: :git
  :opts: 
    :vimrc_file: vimrc
    :vim_bin_path: /usr/local/bin/mvim
    :bundles_dir: bundle
    :use_git_submodules: true
    :git_bin: git
surround: 
  :git: git://github.com/tpope/vim-surround.git
  :type: :git
  :opts: 
    :vimrc_file: vimrc
    :vim_bin_path: /usr/local/bin/mvim
    :bundles_dir: bundle
    :use_git_submodules: true
    :git_bin: git
align: 
  :git: git://github.com/tsaleh/vim-align.git
  :type: :git
  :opts: 
    :vimrc_file: vimrc
    :vim_bin_path: /usr/local/bin/mvim
    :bundles_dir: bundle
    :use_git_submodules: true
    :git_bin: git
shoulda: 
  :git: git://github.com/tsaleh/vim-shoulda.git
  :type: :git
  :opts: 
    :vimrc_file: vimrc
    :vim_bin_path: /usr/local/bin/mvim
    :bundles_dir: bundle
    :use_git_submodules: true
    :git_bin: git
supertab: 
  :git: git://github.com/tsaleh/vim-supertab.git
  :type: :git
  :opts: 
    :vimrc_file: vimrc
    :vim_bin_path: /usr/local/bin/mvim
    :bundles_dir: bundle
    :use_git_submodules: true
    :git_bin: git
tcomment: 
  :git: git://github.com/tomtom/tcomment_vim.git
  :type: :git
  :opts: 
    :vimrc_file: vimrc
    :vim_bin_path: /usr/local/bin/mvim
    :bundles_dir: bundle
    :use_git_submodules: true
    :git_bin: git
ruby: 
  :git: git://github.com/vim-ruby/vim-ruby.git
  :type: :git
  :opts: 
    :vimrc_file: vimrc
    :vim_bin_path: /usr/local/bin/mvim
    :bundles_dir: bundle
    :use_git_submodules: true
    :git_bin: git
inkpot: 
  :git: git://github.com/ciaranm/inkpot
  :type: :git
  :opts: 
    :vimrc_file: vimrc
    :vim_bin_path: /usr/local/bin/mvim
    :bundles_dir: bundle
    :use_git_submodules: true
    :git_bin: git
endwise: 
  :git: git://github.com/tpope/vim-endwise
  :type: :git
  :opts: 
    :vimrc_file: vimrc
    :vim_bin_path: /usr/local/bin/mvim
    :bundles_dir: bundle
    :use_git_submodules: true
    :git_bin: git
jquery: 
  :git: git://github.com/vim-scripts/jQuery
  :type: :git
  :opts: 
    :vimrc_file: vimrc
    :vim_bin_path: /usr/local/bin/mvim
    :bundles_dir: bundle
    :use_git_submodules: true
    :git_bin: git
ragtag: 
  :git: git://github.com/tpope/vim-ragtag
  :type: :git
  :opts: 
    :vimrc_file: vimrc
    :vim_bin_path: /usr/local/bin/mvim
    :bundles_dir: bundle
    :use_git_submodules: true
    :git_bin: git
camel-case-motion: 
  :git: git://github.com/bkad/CamelCaseMotion
  :type: :git
  :opts: 
    :vimrc_file: vimrc
    :vim_bin_path: /usr/local/bin/mvim
    :bundles_dir: bundle
    :use_git_submodules: true
    :git_bin: git
indexed-search: 
  :vim_script_id: 7062
  :type: :vim_org
  :opts: 
    :vimrc_file: vimrc
    :vim_bin_path: /usr/local/bin/mvim
    :bundles_dir: bundle
    :use_git_submodules: true
    :git_bin: git
json: 
  :vim_script_id: 10853
  :type: :vim_org
  :opts: 
    :vimrc_file: vimrc
    :vim_bin_path: /usr/local/bin/mvim
    :bundles_dir: bundle
    :use_git_submodules: true
    :git_bin: git
lusty-juggler: 
  :git: git://github.com/sjbach/lusty
  :type: :git
  :opts: 
    :vimrc_file: vimrc
    :vim_bin_path: /usr/local/bin/mvim
    :bundles_dir: bundle
    :use_git_submodules: true
    :git_bin: git
javascript: 
  :git: git://github.com/pangloss/vim-javascript
  :type: :git
  :opts: 
    :vimrc_file: vimrc
    :vim_bin_path: /usr/local/bin/mvim
    :bundles_dir: bundle
    :use_git_submodules: true
    :git_bin: git
syntastic: 
  :git: git://github.com/scrooloose/syntastic
  :type: :git
  :opts: 
    :vimrc_file: vimrc
    :vim_bin_path: /usr/local/bin/mvim
    :bundles_dir: bundle
    :use_git_submodules: true
    :git_bin: git
rdoc: 
  :git: git://github.com/depuracao/vim-rdoc
  :type: :git
  :opts: 
    :vimrc_file: vimrc
    :vim_bin_path: /usr/local/bin/mvim
    :bundles_dir: bundle
    :use_git_submodules: true
    :git_bin: git
treetop: 
  :git: git://github.com/nanki/treetop.vim.git
  :type: :git
  :opts: 
    :vimrc_file: vimrc
    :vim_bin_path: /usr/local/bin/mvim
    :bundles_dir: bundle
    :use_git_submodules: true
    :git_bin: git
powerline: 
  :git: git://github.com/Lokaltog/vim-powerline.git
  :type: :git
  :opts: 
    :vimrc_file: vimrc
    :vim_bin_path: /usr/local/bin/mvim
    :bundles_dir: bundle
    :use_git_submodules: true
    :git_bin: git
match-tag: 
  :git: git://github.com/gregsexton/MatchTag.git
  :type: :git
  :opts: 
    :vimrc_file: vimrc
    :vim_bin_path: /usr/local/bin/mvim
    :bundles_dir: bundle
    :use_git_submodules: true
    :git_bin: git
ctrlp: 
  :git: git://github.com/kien/ctrlp.vim.git
  :type: :git
  :opts: 
    :vimrc_file: vimrc
    :vim_bin_path: /usr/local/bin/mvim
    :bundles_dir: bundle
    :use_git_submodules: true
    :git_bin: git
vrackets: 
  :vim_script_id: 16753
  :as: :plugin
  :type: :vim_org
  :opts: 
    :vimrc_file: vimrc
    :vim_bin_path: /usr/local/bin/mvim
    :bundles_dir: bundle
    :use_git_submodules: true
    :git_bin: git
buffergator: 
  :git: git://github.com/jeetsukumaran/vim-buffergator.git
  :type: :git
  :opts: 
    :vimrc_file: vimrc
    :vim_bin_path: /usr/local/bin/mvim
    :bundles_dir: bundle
    :use_git_submodules: true
    :git_bin: git
coffee-script: 
  :git: git://github.com/kchmck/vim-coffee-script.git
  :type: :git
  :opts: 
    :vimrc_file: vimrc
    :vim_bin_path: /usr/local/bin/mvim
    :bundles_dir: bundle
    :use_git_submodules: true
    :git_bin: git
jst: 
  :git: git://github.com/briancollins/vim-jst.git
  :type: :git
  :opts: 
    :vimrc_file: vimrc
    :vim_bin_path: /usr/local/bin/mvim
    :bundles_dir: bundle
    :use_git_submodules: true
    :git_bin: git
bundler: 
  :git: git://github.com/tpope/vim-bundler.git
  :type: :git
  :opts: 
    :vimrc_file: vimrc
    :vim_bin_path: /usr/local/bin/mvim
    :bundles_dir: bundle
    :use_git_submodules: true
    :git_bin: git
snipmate: 
  :git: git://github.com/msanders/snipmate.vim.git
  :type: :git
  :opts: 
    :vimrc_file: vimrc
    :vim_bin_path: /usr/local/bin/mvim
    :bundles_dir: bundle
    :use_git_submodules: true
    :git_bin: git
